
Microsoft Visual Studio Solution File, Format Version 12.00
# Visual Studio Version 17
VisualStudioVersion = 17.13.35919.96
MinimumVisualStudioVersion = 10.0.40219.1
Project("{FAE04EC0-301F-11D3-BF4B-00C04F79EFBC}") = "Projeto", "Telalogin\Projeto.csproj", "{D220624D-7FDB-46BB-B571-01A89AD22EFA}"
EndProject
Global
	GlobalSection(SolutionConfigurationPlatforms) = preSolution
		Debug|Any CPU = Debug|Any CPU
		Release|Any CPU = Release|Any CPU
	EndGlobalSection
	GlobalSection(ProjectConfigurationPlatforms) = postSolution
		{D220624D-7FDB-46BB-B571-01A89AD22EFA}.Debug|Any CPU.ActiveCfg = Debug|Any CPU
		{D220624D-7FDB-46BB-B571-01A89AD22EFA}.Debug|Any CPU.Build.0 = Debug|Any CPU
		{D220624D-7FDB-46BB-B571-01A89AD22EFA}.Release|Any CPU.ActiveCfg = Release|Any CPU
		{D220624D-7FDB-46BB-B571-01A89AD22EFA}.Release|Any CPU.Build.0 = Release|Any CPU
	EndGlobalSection
	GlobalSection(SolutionProperties) = preSolution
		HideSolutionNode = FALSE
	EndGlobalSection
	GlobalSection(ExtensibilityGlobals) = postSolution
		SolutionGuid = {5938BC33-2F5D-4C10-A8D7-6E5061D19B58}
	EndGlobalSection
EndGlobal
